
Microsoft Visual Studio Solution File, Format Version 12.00
# Visual Studio Version 17
VisualStudioVersion = 17.5.33516.290
MinimumVisualStudioVersion = 10.0.40219.1
Project("{FAE04EC0-301F-11D3-BF4B-00C04F79EFBC}") = "TrueFalseQuizGestures.Android", "TrueFalseQuizGestures.Android\TrueFalseQuizGestures.Android.csproj", "{3C46600A-718E-4FFC-92F6-33892F159FFC}"
EndProject
Project("{FAE04EC0-301F-11D3-BF4B-00C04F79EFBC}") = "TrueFalseQuizGestures", "TrueFalseQuizGestures\TrueFalseQuizGestures.csproj", "{97692BD6-5B4C-46EE-B17C-F4C577418289}"
EndProject
Global
	GlobalSection(SolutionConfigurationPlatforms) = preSolution
		Debug|Any CPU = Debug|Any CPU
		Release|Any CPU = Release|Any CPU
	EndGlobalSection
	GlobalSection(ProjectConfigurationPlatforms) = postSolution
		{3C46600A-718E-4FFC-92F6-33892F159FFC}.Debug|Any CPU.ActiveCfg = Debug|Any CPU
		{3C46600A-718E-4FFC-92F6-33892F159FFC}.Debug|Any CPU.Build.0 = Debug|Any CPU
		{3C46600A-718E-4FFC-92F6-33892F159FFC}.Debug|Any CPU.Deploy.0 = Debug|Any CPU
		{3C46600A-718E-4FFC-92F6-33892F159FFC}.Release|Any CPU.ActiveCfg = Release|Any CPU
		{3C46600A-718E-4FFC-92F6-33892F159FFC}.Release|Any CPU.Build.0 = Release|Any CPU
		{3C46600A-718E-4FFC-92F6-33892F159FFC}.Release|Any CPU.Deploy.0 = Release|Any CPU
		{97692BD6-5B4C-46EE-B17C-F4C577418289}.Debug|Any CPU.ActiveCfg = Debug|Any CPU
		{97692BD6-5B4C-46EE-B17C-F4C577418289}.Debug|Any CPU.Build.0 = Debug|Any CPU
		{97692BD6-5B4C-46EE-B17C-F4C577418289}.Debug|Any CPU.Deploy.0 = Debug|Any CPU
		{97692BD6-5B4C-46EE-B17C-F4C577418289}.Release|Any CPU.ActiveCfg = Release|Any CPU
		{97692BD6-5B4C-46EE-B17C-F4C577418289}.Release|Any CPU.Build.0 = Release|Any CPU
		{97692BD6-5B4C-46EE-B17C-F4C577418289}.Release|Any CPU.Deploy.0 = Release|Any CPU
	EndGlobalSection
	GlobalSection(SolutionProperties) = preSolution
		HideSolutionNode = FALSE
	EndGlobalSection
	GlobalSection(ExtensibilityGlobals) = postSolution
		SolutionGuid = {B29F804A-F2D8-4399-BFEF-738002D48D6D}
	EndGlobalSection
EndGlobal
